// !$*UTF8*$!
{
	archiveVersion = 1;
	classes = {
	};
	objectVersion = 50;
	objects = {

/* Begin PBXBuildFile section */
		FF6A02F0247DED3C0015C580 /* detailView.swift in Sources */ = {isa = PBXBuildFile; fileRef = FF6A02EF247DED3C0015C580 /* detailView.swift */; };
		FFC013BC24B27F760075FD57 /* test.json in Resources */ = {isa = PBXBuildFile; fileRef = FFC013BB24B27F750075FD57 /* test.json */; };
		FFC013BE24B36CF40075FD57 /* DetailViewModel.swift in Sources */ = {isa = PBXBuildFile; fileRef = FFC013BD24B36CF40075FD57 /* DetailViewModel.swift */; };
		FFCF27D2247A439C00EE39C3 /* AppDelegate.swift in Sources */ = {isa = PBXBuildFile; fileRef = FFCF27D1247A439C00EE39C3 /* AppDelegate.swift */; };
		FFCF27D4247A439C00EE39C3 /* SceneDelegate.swift in Sources */ = {isa = PBXBuildFile; fileRef = FFCF27D3247A439C00EE39C3 /* SceneDelegate.swift */; };
		FFCF27D6247A439C00EE39C3 /* ContentView.swift in Sources */ = {isa = PBXBuildFile; fileRef = FFCF27D5247A439C00EE39C3 /* ContentView.swift */; };
		FFCF27D8247A439E00EE39C3 /* Assets.xcassets in Resources */ = {isa = PBXBuildFile; fileRef = FFCF27D7247A439E00EE39C3 /* Assets.xcassets */; };
		FFCF27DB247A439E00EE39C3 /* Preview Assets.xcassets in Resources */ = {isa = PBXBuildFile; fileRef = FFCF27DA247A439E00EE39C3 /* Preview Assets.xcassets */; };
		FFCF27DE247A439E00EE39C3 /* LaunchScreen.storyboard in Resources */ = {isa = PBXBuildFile; fileRef = FFCF27DC247A439E00EE39C3 /* LaunchScreen.storyboard */; };
		FFCF27E6247A4AFD00EE39C3 /* Friend.swift in Sources */ = {isa = PBXBuildFile; fileRef = FFCF27E5247A4AFD00EE39C3 /* Friend.swift */; };
/* End PBXBuildFile section */

/* Begin PBXFileReference section */
		FF6A02EF247DED3C0015C580 /* detailView.swift */ = {isa = PBXFileReference; lastKnownFileType = sourcecode.swift; path = detailView.swift; sourceTree = "<group>"; };
		FFC013BB24B27F750075FD57 /* test.json */ = {isa = PBXFileReference; fileEncoding = 4; lastKnownFileType = text.json; path = test.json; sourceTree = "<group>"; };
		FFC013BD24B36CF40075FD57 /* DetailViewModel.swift */ = {isa = PBXFileReference; lastKnownFileType = sourcecode.swift; path = DetailViewModel.swift; sourceTree = "<group>"; };
		FFCF27CE247A439C00EE39C3 /* test.app */ = {isa = PBXFileReference; explicitFileType = wrapper.application; includeInIndex = 0; path = test.app; sourceTree = BUILT_PRODUCTS_DIR; };
		FFCF27D1247A439C00EE39C3 /* AppDelegate.swift */ = {isa = PBXFileReference; lastKnownFileType = sourcecode.swift; path = AppDelegate.swift; sourceTree = "<group>"; };
		FFCF27D3247A439C00EE39C3 /* SceneDelegate.swift */ = {isa = PBXFileReference; lastKnownFileType = sourcecode.swift; path = SceneDelegate.swift; sourceTree = "<group>"; };
		FFCF27D5247A439C00EE39C3 /* ContentView.swift */ = {isa = PBXFileReference; lastKnownFileType = sourcecode.swift; path = ContentView.swift; sourceTree = "<group>"; };
		FFCF27D7247A439E00EE39C3 /* Assets.xcassets */ = {isa = PBXFileReference; lastKnownFileType = folder.assetcatalog; path = Assets.xcassets; sourceTree = "<group>"; };
		FFCF27DA247A439E00EE39C3 /* Preview Assets.xcassets */ = {isa = PBXFileReference; lastKnownFileType = folder.assetcatalog; path = "Preview Assets.xcassets"; sourceTree = "<group>"; };
		FFCF27DD247A439E00EE39C3 /* Base */ = {isa = PBXFileReference; lastKnownFileType = file.storyboard; name = Base; path = Base.lproj/LaunchScreen.storyboard; sourceTree = "<group>"; };
		FFCF27DF247A439E00EE39C3 /* Info.plist */ = {isa = PBXFileReference; lastKnownFileType = text.plist.xml; path = Info.plist; sourceTree = "<group>"; };
		FFCF27E5247A4AFD00EE39C3 /* Friend.swift */ = {isa = PBXFileReference; lastKnownFileType = sourcecode.swift; path = Friend.swift; sourceTree = "<group>"; };
/* End PBXFileReference section */

/* Begin PBXFrameworksBuildPhase section */
		FFCF27CB247A439C00EE39C3 /* Frameworks */ = {
			isa = PBXFrameworksBuildPhase;
			buildActionMask = 2147483647;
			files = (
			);
			runOnlyForDeploymentPostprocessing = 0;
		};
/* End PBXFrameworksBuildPhase section */

/* Begin PBXGroup section */
		FFCF27C5247A439C00EE39C3 = {
			isa = PBXGroup;
			children = (
				FFCF27D0247A439C00EE39C3 /* test */,
				FFCF27CF247A439C00EE39C3 /* Products */,
			);
			sourceTree = "<group>";
		};
		FFCF27CF247A439C00EE39C3 /* Products */ = {
			isa = PBXGroup;
			children = (
				FFCF27CE247A439C00EE39C3 /* test.app */,
			);
			name = Products;
			sourceTree = "<group>";
		};
		FFCF27D0247A439C00EE39C3 /* test */ = {
			isa = PBXGroup;
			children = (
				FFCF27D1247A439C00EE39C3 /* AppDelegate.swift */,
				FFCF27D3247A439C00EE39C3 /* SceneDelegate.swift */,
				FFCF27D5247A439C00EE39C3 /* ContentView.swift */,
				FF6A02EF247DED3C0015C580 /* detailView.swift */,
				FFC013BD24B36CF40075FD57 /* DetailViewModel.swift */,
				FFCF27D7247A439E00EE39C3 /* Assets.xcassets */,
				FFCF27DC247A439E00EE39C3 /* LaunchScreen.storyboard */,
				FFCF27DF247A439E00EE39C3 /* Info.plist */,
				FFCF27D9247A439E00EE39C3 /* Preview Content */,
				FFCF27E5247A4AFD00EE39C3 /* Friend.swift */,
				FFC013BB24B27F750075FD57 /* test.json */,
			);
			path = test;
			sourceTree = "<group>";
		};
		FFCF27D9247A439E00EE39C3 /* Preview Content */ = {
			isa = PBXGroup;
			children = (
				FFCF27DA247A439E00EE39C3 /* Preview Assets.xcassets */,
			);
			path = "Preview Content";
			sourceTree = "<group>";
		};
/* End PBXGroup section */

/* Begin PBXNativeTarget section */
		FFCF27CD247A439C00EE39C3 /* test */ = {
			isa = PBXNativeTarget;
			buildConfigurationList = FFCF27E2247A439E00EE39C3 /* Build configuration list for PBXNativeTarget "test" */;
			buildPhases = (
				FFCF27CA247A439C00EE39C3 /* Sources */,
				FFCF27CB247A439C00EE39C3 /* Frameworks */,
				FFCF27CC247A439C00EE39C3 /* Resources */,
			);
			buildRules = (
			);
			dependencies = (
			);
			name = test;
			productName = test;
			productReference = FFCF27CE247A439C00EE39C3 /* test.app */;
			productType = "com.apple.product-type.application";
		};
/* End PBXNativeTarget section */

/* Begin PBXProject section */
		FFCF27C6247A439C00EE39C3 /* Project object */ = {
			isa = PBXProject;
			attributes = {
				LastSwiftUpdateCheck = 1150;
				LastUpgradeCheck = 1150;
				ORGANIZATIONNAME = "Ashutosh Mane";
				TargetAttributes = {
					FFCF27CD247A439C00EE39C3 = {
						CreatedOnToolsVersion = 11.5;
					};
				};
			};
			buildConfigurationList = FFCF27C9247A439C00EE39C3 /* Build configuration list for PBXProject "test" */;
			compatibilityVersion = "Xcode 9.3";
			developmentRegion = en;
			hasScannedForEncodings = 0;
			knownRegions = (
				en,
				Base,
			);
			mainGroup = FFCF27C5247A439C00EE39C3;
			productRefGroup = FFCF27CF247A439C00EE39C3 /* Products */;
			projectDirPath = "";
			projectRoot = "";
			targets = (
				FFCF27CD247A439C00EE39C3 /* test */,
			);
		};
/* End PBXProject section */

/* Begin PBXResourcesBuildPhase section */
		FFCF27CC247A439C00EE39C3 /* Resources */ = {
			isa = PBXResourcesBuildPhase;
			buildActionMask = 2147483647;
			files = (
				FFCF27DE247A439E00EE39C3 /* LaunchScreen.storyboard in Resources */,
				FFCF27DB247A439E00EE39C3 /* Preview Assets.xcassets in Resources */,
				FFCF27D8247A439E00EE39C3 /* Assets.xcassets in Resources */,
				FFC013BC24B27F760075FD57 /* test.json in Resources */,
			);
			runOnlyForDeploymentPostprocessing = 0;
		};
/* End PBXResourcesBuildPhase section */

/* Begin PBXSourcesBuildPhase section */
		FFCF27CA247A439C00EE39C3 /* Sources */ = {
			isa = PBXSourcesBuildPhase;
			buildActionMask = 2147483647;
			files = (
				FFCF27D2247A439C00EE39C3 /* AppDelegate.swift in Sources */,
				FFC013BE24B36CF40075FD57 /* DetailViewModel.swift in Sources */,
				FFCF27D4247A439C00EE39C3 /* SceneDelegate.swift in Sources */,
				FFCF27D6247A439C00EE39C3 /* ContentView.swift in Sources */,
				FFCF27E6247A4AFD00EE39C3 /* Friend.swift in Sources */,
				FF6A02F0247DED3C0015C580 /* detailView.swift in Sources */,
			);
			runOnlyForDeploymentPostprocessing = 0;
		};
/* End PBXSourcesBuildPhase section */

/* Begin PBXVariantGroup section */
		FFCF27DC247A439E00EE39C3 /* LaunchScreen.storyboard */ = {
			isa = PBXVariantGroup;
			children = (
				FFCF27DD247A439E00EE39C3 /* Base */,
			);
			name = LaunchScreen.storyboard;
			sourceTree = "<group>";
		};
/* End PBXVariantGroup section */

/* Begin XCBuildConfiguration section */
		FFCF27E0247A439E00EE39C3 /* Debug */ = {
			isa = XCBuildConfiguration;
			buildSettings = {
				ALWAYS_SEARCH_USER_PATHS = NO;
				CLANG_ANALYZER_NONNULL = YES;
				CLANG_ANALYZER_NUMBER_OBJECT_CONVERSION = YES_AGGRESSIVE;
				CLANG_CXX_LANGUAGE_STANDARD = "gnu++14";
				CLANG_CXX_LIBRARY = "libc++";
				CLANG_ENABLE_MODULES = YES;
				CLANG_ENABLE_OBJC_ARC = YES;
				CLANG_ENABLE_OBJC_WEAK = YES;
				CLANG_WARN_BLOCK_CAPTURE_AUTORELEASING = YES;
				CLANG_WARN_BOOL_CONVERSION = YES;
				CLANG_WARN_COMMA = YES;
				CLANG_WARN_CONSTANT_CONVERSION = YES;
				CLANG_WARN_DEPRECATED_OBJC_IMPLEMENTATIONS = YES;
				CLANG_WARN_DIRECT_OBJC_ISA_USAGE = YES_ERROR;
				CLANG_WARN_DOCUMENTATION_COMMENTS = YES;
				CLANG_WARN_EMPTY_BODY = YES;
				CLANG_WARN_ENUM_CONVERSION = YES;
				CLANG_WARN_INFINITE_RECURSION = YES;
				CLANG_WARN_INT_CONVERSION = YES;
				CLANG_WARN_NON_LITERAL_NULL_CONVERSION = YES;
				CLANG_WARN_OBJC_IMPLICIT_RETAIN_SELF = YES;
				CLANG_WARN_OBJC_LITERAL_CONVERSION = YES;
				CLANG_WARN_OBJC_ROOT_CLASS = YES_ERROR;
				CLANG_WARN_RANGE_LOOP_ANALYSIS = YES;
				CLANG_WARN_STRICT_PROTOTYPES = YES;
				CLANG_WARN_SUSPICIOUS_MOVE = YES;
				CLANG_WARN_UNGUARDED_AVAILABILITY = YES_AGGRESSIVE;
				CLANG_WARN_UNREACHABLE_CODE = YES;
				CLANG_WARN__DUPLICATE_METHOD_MATCH = YES;
				COPY_PHASE_STRIP = NO;
				DEBUG_INFORMATION_FORMAT = dwarf;
				ENABLE_STRICT_OBJC_MSGSEND = YES;
				ENABLE_TESTABILITY = YES;
				GCC_C_LANGUAGE_STANDARD = gnu11;
				GCC_DYNAMIC_NO_PIC = NO;
				GCC_NO_COMMON_BLOCKS = YES;
				GCC_OPTIMIZATION_LEVEL = 0;
				GCC_PREPROCESSOR_DEFINITIONS = (
					"DEBUG=1",
					"$(inherited)",
				);
				GCC_WARN_64_TO_32_BIT_CONVERSION = YES;
				GCC_WARN_ABOUT_RETURN_TYPE = YES_ERROR;
				GCC_WARN_UNDECLARED_SELECTOR = YES;
				GCC_WARN_UNINITIALIZED_AUTOS = YES_AGGRESSIVE;
				GCC_WARN_UNUSED_FUNCTION = YES;
				GCC_WARN_UNUSED_VARIABLE = YES;
				IPHONEOS_DEPLOYMENT_TARGET = 13.5;
				MTL_ENABLE_DEBUG_INFO = INCLUDE_SOURCE;
				MTL_FAST_MATH = YES;
				ONLY_ACTIVE_ARCH = YES;
				SDKROOT = iphoneos;
				SWIFT_ACTIVE_COMPILATION_CONDITIONS = DEBUG;
				SWIFT_OPTIMIZATION_LEVEL = "-Onone";
			};
			name = Debug;
		};
		FFCF27E1247A439E00EE39C3 /* Release */ = {
			isa = XCBuildConfiguration;
			buildSettings = {
				ALWAYS_SEARCH_USER_PATHS = NO;
				CLANG_ANALYZER_NONNULL = YES;
				CLANG_ANALYZER_NUMBER_OBJECT_CONVERSION = YES_AGGRESSIVE;
				CLANG_CXX_LANGUAGE_STANDARD = "gnu++14";
				CLANG_CXX_LIBRARY = "libc++";
				CLANG_ENABLE_MODULES = YES;
				CLANG_ENABLE_OBJC_ARC = YES;
				CLANG_ENABLE_OBJC_WEAK = YES;
				CLANG_WARN_BLOCK_CAPTURE_AUTORELEASING = YES;
				CLANG_WARN_BOOL_CONVERSION = YES;
				CLANG_WARN_COMMA = YES;
				CLANG_WARN_CONSTANT_CONVERSION = YES;
				CLANG_WARN_DEPRECATED_OBJC_IMPLEMENTATIONS = YES;
				CLANG_WARN_DIRECT_OBJC_ISA_USAGE = YES_ERROR;
				CLANG_WARN_DOCUMENTATION_COMMENTS = YES;
				CLANG_WARN_EMPTY_BODY = YES;
				CLANG_WARN_ENUM_CONVERSION = YES;
				CLANG_WARN_INFINITE_RECURSION = YES;
				CLANG_WARN_INT_CONVERSION = YES;
				CLANG_WARN_NON_LITERAL_NULL_CONVERSION = YES;
				CLANG_WARN_OBJC_IMPLICIT_RETAIN_SELF = YES;
				CLANG_WARN_OBJC_LITERAL_CONVERSION = YES;
				CLANG_WARN_OBJC_ROOT_CLASS = YES_ERROR;
				CLANG_WARN_RANGE_LOOP_ANALYSIS = YES;
				CLANG_WARN_STRICT_PROTOTYPES = YES;
				CLANG_WARN_SUSPICIOUS_MOVE = YES;
				CLANG_WARN_UNGUARDED_AVAILABILITY = YES_AGGRESSIVE;
				CLANG_WARN_UNREACHABLE_CODE = YES;
				CLANG_WARN__DUPLICATE_METHOD_MATCH = YES;
				COPY_PHASE_STRIP = NO;
				DEBUG_INFORMATION_FORMAT = "dwarf-with-dsym";
				ENABLE_NS_ASSERTIONS = NO;
				ENABLE_STRICT_OBJC_MSGSEND = YES;
				GCC_C_LANGUAGE_STANDARD = gnu11;
				GCC_NO_COMMON_BLOCKS = YES;
				GCC_WARN_64_TO_32_BIT_CONVERSION = YES;
				GCC_WARN_ABOUT_RETURN_TYPE = YES_ERROR;
				GCC_WARN_UNDECLARED_SELECTOR = YES;
				GCC_WARN_UNINITIALIZED_AUTOS = YES_AGGRESSIVE;
				GCC_WARN_UNUSED_FUNCTION = YES;
				GCC_WARN_UNUSED_VARIABLE = YES;
				IPHONEOS_DEPLOYMENT_TARGET = 13.5;
				MTL_ENABLE_DEBUG_INFO = NO;
				MTL_FAST_MATH = YES;
				SDKROOT = iphoneos;
				SWIFT_COMPILATION_MODE = wholemodule;
				SWIFT_OPTIMIZATION_LEVEL = "-O";
				VALIDATE_PRODUCT = YES;
			};
			name = Release;
		};
		FFCF27E3247A439E00EE39C3 /* Debug */ = {
			isa = XCBuildConfiguration;
			buildSettings = {
				ASSETCATALOG_COMPILER_APPICON_NAME = AppIcon;
				CODE_SIGN_STYLE = Automatic;
				DEVELOPMENT_ASSET_PATHS = "\"test/Preview Content\"";
				DEVELOPMENT_TEAM = KDMH53532J;
				ENABLE_PREVIEWS = YES;
				INFOPLIST_FILE = test/Info.plist;
				LD_RUNPATH_SEARCH_PATHS = (
					"$(inherited)",
					"@executable_path/Frameworks",
				);
				PRODUCT_BUNDLE_IDENTIFIER = com.ashutoshmane.test;
				PRODUCT_NAME = "$(TARGET_NAME)";
				SWIFT_VERSION = 5.0;
				TARGETED_DEVICE_FAMILY = "1,2";
			};
			name = Debug;
		};
		FFCF27E4247A439E00EE39C3 /* Release */ = {
			isa = XCBuildConfiguration;
			buildSettings = {
				ASSETCATALOG_COMPILER_APPICON_NAME = AppIcon;
				CODE_SIGN_STYLE = Automatic;
				DEVELOPMENT_ASSET_PATHS = "\"test/Preview Content\"";
				DEVELOPMENT_TEAM = KDMH53532J;
				ENABLE_PREVIEWS = YES;
				INFOPLIST_FILE = test/Info.plist;
				LD_RUNPATH_SEARCH_PATHS = (
					"$(inherited)",
					"@executable_path/Frameworks",
				);
				PRODUCT_BUNDLE_IDENTIFIER = com.ashutoshmane.test;
				PRODUCT_NAME = "$(TARGET_NAME)";
				SWIFT_VERSION = 5.0;
				TARGETED_DEVICE_FAMILY = "1,2";
			};
			name = Release;
		};
/* End XCBuildConfiguration section */

/* Begin XCConfigurationList section */
		FFCF27C9247A439C00EE39C3 /* Build configuration list for PBXProject "test" */ = {
			isa = XCConfigurationList;
			buildConfigurations = (
				FFCF27E0247A439E00EE39C3 /* Debug */,
				FFCF27E1247A439E00EE39C3 /* Release */,
			);
			defaultConfigurationIsVisible = 0;
			defaultConfigurationName = Release;
		};
		FFCF27E2247A439E00EE39C3 /* Build configuration list for PBXNativeTarget "test" */ = {
			isa = XCConfigurationList;
			buildConfigurations = (
				FFCF27E3247A439E00EE39C3 /* Debug */,
				FFCF27E4247A439E00EE39C3 /* Release */,
			);
			defaultConfigurationIsVisible = 0;
			defaultConfigurationName = Release;
		};
/* End XCConfigurationList section */
	};
	rootObject = FFCF27C6247A439C00EE39C3 /* Project object */;
}
